// !$*UTF8*$!
{
	archiveVersion = 1;
	classes = {
	};
	objectVersion = 56;
	objects = {

/* Begin PBXBuildFile section */
		3FE70D562B9586F8002708C3 /* AppDelegate.swift in Sources */ = {isa = PBXBuildFile; fileRef = 3FE70D552B9586F8002708C3 /* AppDelegate.swift */; };
		3FE70D582B9586F8002708C3 /* SceneDelegate.swift in Sources */ = {isa = PBXBuildFile; fileRef = 3FE70D572B9586F8002708C3 /* SceneDelegate.swift */; };
		3FE70D5A2B9586F8002708C3 /* ViewController.swift in Sources */ = {isa = PBXBuildFile; fileRef = 3FE70D592B9586F8002708C3 /* ViewController.swift */; };
		3FE70D5D2B9586F8002708C3 /* Main.storyboard in Resources */ = {isa = PBXBuildFile; fileRef = 3FE70D5B2B9586F8002708C3 /* Main.storyboard */; };
		3FE70D5F2B9586F9002708C3 /* Assets.xcassets in Resources */ = {isa = PBXBuildFile; fileRef = 3FE70D5E2B9586F9002708C3 /* Assets.xcassets */; };
		3FE70D622B9586F9002708C3 /* LaunchScreen.storyboard in Resources */ = {isa = PBXBuildFile; fileRef = 3FE70D602B9586F9002708C3 /* LaunchScreen.storyboard */; };
		3FE70D6A2B958BFE002708C3 /* RedViewController.swift in Sources */ = {isa = PBXBuildFile; fileRef = 3FE70D692B958BFE002708C3 /* RedViewController.swift */; };
		3FE70D6C2B958C5B002708C3 /* OrangeViewController.swift in Sources */ = {isa = PBXBuildFile; fileRef = 3FE70D6B2B958C5B002708C3 /* OrangeViewController.swift */; };
		3FE70D6E2B958C83002708C3 /* YellowViewController.swift in Sources */ = {isa = PBXBuildFile; fileRef = 3FE70D6D2B958C83002708C3 /* YellowViewController.swift */; };
		3FE70D702B958CA5002708C3 /* GreenViewController.swift in Sources */ = {isa = PBXBuildFile; fileRef = 3FE70D6F2B958CA5002708C3 /* GreenViewController.swift */; };
		3FE70D722B958CC5002708C3 /* BlueViewController.swift in Sources */ = {isa = PBXBuildFile; fileRef = 3FE70D712B958CC5002708C3 /* BlueViewController.swift */; };
		3FE70D742B958D24002708C3 /* VioletViewController.swift in Sources */ = {isa = PBXBuildFile; fileRef = 3FE70D732B958D24002708C3 /* VioletViewController.swift */; };
/* End PBXBuildFile section */

/* Begin PBXFileReference section */
		3FE70D522B9586F8002708C3 /* Rainbowtabs2.app */ = {isa = PBXFileReference; explicitFileType = wrapper.application; includeInIndex = 0; path = Rainbowtabs2.app; sourceTree = BUILT_PRODUCTS_DIR; };
		3FE70D552B9586F8002708C3 /* AppDelegate.swift */ = {isa = PBXFileReference; lastKnownFileType = sourcecode.swift; path = AppDelegate.swift; sourceTree = "<group>"; };
		3FE70D572B9586F8002708C3 /* SceneDelegate.swift */ = {isa = PBXFileReference; lastKnownFileType = sourcecode.swift; path = SceneDelegate.swift; sourceTree = "<group>"; };
		3FE70D592B9586F8002708C3 /* ViewController.swift */ = {isa = PBXFileReference; lastKnownFileType = sourcecode.swift; path = ViewController.swift; sourceTree = "<group>"; };
		3FE70D5C2B9586F8002708C3 /* Base */ = {isa = PBXFileReference; lastKnownFileType = file.storyboard; name = Base; path = Base.lproj/Main.storyboard; sourceTree = "<group>"; };
		3FE70D5E2B9586F9002708C3 /* Assets.xcassets */ = {isa = PBXFileReference; lastKnownFileType = folder.assetcatalog; path = Assets.xcassets; sourceTree = "<group>"; };
		3FE70D612B9586F9002708C3 /* Base */ = {isa = PBXFileReference; lastKnownFileType = file.storyboard; name = Base; path = Base.lproj/LaunchScreen.storyboard; sourceTree = "<group>"; };
		3FE70D632B9586F9002708C3 /* Info.plist */ = {isa = PBXFileReference; lastKnownFileType = text.plist.xml; path = Info.plist; sourceTree = "<group>"; };
		3FE70D692B958BFE002708C3 /* RedViewController.swift */ = {isa = PBXFileReference; lastKnownFileType = sourcecode.swift; path = RedViewController.swift; sourceTree = "<group>"; };
		3FE70D6B2B958C5B002708C3 /* OrangeViewController.swift */ = {isa = PBXFileReference; lastKnownFileType = sourcecode.swift; path = OrangeViewController.swift; sourceTree = "<group>"; };
		3FE70D6D2B958C83002708C3 /* YellowViewController.swift */ = {isa = PBXFileReference; lastKnownFileType = sourcecode.swift; path = YellowViewController.swift; sourceTree = "<group>"; };
		3FE70D6F2B958CA5002708C3 /* GreenViewController.swift */ = {isa = PBXFileReference; lastKnownFileType = sourcecode.swift; path = GreenViewController.swift; sourceTree = "<group>"; };
		3FE70D712B958CC5002708C3 /* BlueViewController.swift */ = {isa = PBXFileReference; lastKnownFileType = sourcecode.swift; path = BlueViewController.swift; sourceTree = "<group>"; };
		3FE70D732B958D24002708C3 /* VioletViewController.swift */ = {isa = PBXFileReference; lastKnownFileType = sourcecode.swift; path = VioletViewController.swift; sourceTree = "<group>"; };
/* End PBXFileReference section */

/* Begin PBXFrameworksBuildPhase section */
		3FE70D4F2B9586F8002708C3 /* Frameworks */ = {
			isa = PBXFrameworksBuildPhase;
			buildActionMask = 2147483647;
			files = (
			);
			runOnlyForDeploymentPostprocessing = 0;
		};
/* End PBXFrameworksBuildPhase section */

/* Begin PBXGroup section */
		3FE70D492B9586F8002708C3 = {
			isa = PBXGroup;
			children = (
				3FE70D542B9586F8002708C3 /* Rainbowtabs */,
				3FE70D532B9586F8002708C3 /* Products */,
			);
			sourceTree = "<group>";
		};
		3FE70D532B9586F8002708C3 /* Products */ = {
			isa = PBXGroup;
			children = (
				3FE70D522B9586F8002708C3 /* Rainbowtabs2.app */,
			);
			name = Products;
			sourceTree = "<group>";
		};
		3FE70D542B9586F8002708C3 /* Rainbowtabs */ = {
			isa = PBXGroup;
			children = (
				3FE70D552B9586F8002708C3 /* AppDelegate.swift */,
				3FE70D572B9586F8002708C3 /* SceneDelegate.swift */,
				3FE70D592B9586F8002708C3 /* ViewController.swift */,
				3FE70D5B2B9586F8002708C3 /* Main.storyboard */,
				3FE70D5E2B9586F9002708C3 /* Assets.xcassets */,
				3FE70D602B9586F9002708C3 /* LaunchScreen.storyboard */,
				3FE70D632B9586F9002708C3 /* Info.plist */,
				3FE70D692B958BFE002708C3 /* RedViewController.swift */,
				3FE70D6B2B958C5B002708C3 /* OrangeViewController.swift */,
				3FE70D6D2B958C83002708C3 /* YellowViewController.swift */,
				3FE70D6F2B958CA5002708C3 /* GreenViewController.swift */,
				3FE70D712B958CC5002708C3 /* BlueViewController.swift */,
				3FE70D732B958D24002708C3 /* VioletViewController.swift */,
			);
			path = Rainbowtabs;
			sourceTree = "<group>";
		};
/* End PBXGroup section */

/* Begin PBXNativeTarget section */
		3FE70D512B9586F8002708C3 /* Rainbowtabs2 */ = {
			isa = PBXNativeTarget;
			buildConfigurationList = 3FE70D662B9586F9002708C3 /* Build configuration list for PBXNativeTarget "Rainbowtabs2" */;
			buildPhases = (
				3FE70D4E2B9586F8002708C3 /* Sources */,
				3FE70D4F2B9586F8002708C3 /* Frameworks */,
				3FE70D502B9586F8002708C3 /* Resources */,
			);
			buildRules = (
			);
			dependencies = (
			);
			name = Rainbowtabs2;
			productName = Rainbowtabs2;
			productReference = 3FE70D522B9586F8002708C3 /* Rainbowtabs2.app */;
			productType = "com.apple.product-type.application";
		};
/* End PBXNativeTarget section */

/* Begin PBXProject section */
		3FE70D4A2B9586F8002708C3 /* Project object */ = {
			isa = PBXProject;
			attributes = {
				BuildIndependentTargetsInParallel = 1;
				LastSwiftUpdateCheck = 1520;
				LastUpgradeCheck = 1520;
				TargetAttributes = {
					3FE70D512B9586F8002708C3 = {
						CreatedOnToolsVersion = 15.2;
					};
				};
			};
			buildConfigurationList = 3FE70D4D2B9586F8002708C3 /* Build configuration list for PBXProject "Rainbowtabs2" */;
			compatibilityVersion = "Xcode 14.0";
			developmentRegion = en;
			hasScannedForEncodings = 0;
			knownRegions = (
				en,
				Base,
			);
			mainGroup = 3FE70D492B9586F8002708C3;
			productRefGroup = 3FE70D532B9586F8002708C3 /* Products */;
			projectDirPath = "";
			projectRoot = "";
			targets = (
				3FE70D512B9586F8002708C3 /* Rainbowtabs2 */,
			);
		};
/* End PBXProject section */

/* Begin PBXResourcesBuildPhase section */
		3FE70D502B9586F8002708C3 /* Resources */ = {
			isa = PBXResourcesBuildPhase;
			buildActionMask = 2147483647;
			files = (
				3FE70D622B9586F9002708C3 /* LaunchScreen.storyboard in Resources */,
				3FE70D5F2B9586F9002708C3 /* Assets.xcassets in Resources */,
				3FE70D5D2B9586F8002708C3 /* Main.storyboard in Resources */,
			);
			runOnlyForDeploymentPostprocessing = 0;
		};
/* End PBXResourcesBuildPhase section */

/* Begin PBXSourcesBuildPhase section */
		3FE70D4E2B9586F8002708C3 /* Sources */ = {
			isa = PBXSourcesBuildPhase;
			buildActionMask = 2147483647;
			files = (
				3FE70D6A2B958BFE002708C3 /* RedViewController.swift in Sources */,
				3FE70D742B958D24002708C3 /* VioletViewController.swift in Sources */,
				3FE70D6C2B958C5B002708C3 /* OrangeViewController.swift in Sources */,
				3FE70D722B958CC5002708C3 /* BlueViewController.swift in Sources */,
				3FE70D5A2B9586F8002708C3 /* ViewController.swift in Sources */,
				3FE70D562B9586F8002708C3 /* AppDelegate.swift in Sources */,
				3FE70D6E2B958C83002708C3 /* YellowViewController.swift in Sources */,
				3FE70D582B9586F8002708C3 /* SceneDelegate.swift in Sources */,
				3FE70D702B958CA5002708C3 /* GreenViewController.swift in Sources */,
			);
			runOnlyForDeploymentPostprocessing = 0;
		};
/* End PBXSourcesBuildPhase section */

/* Begin PBXVariantGroup section */
		3FE70D5B2B9586F8002708C3 /* Main.storyboard */ = {
			isa = PBXVariantGroup;
			children = (
				3FE70D5C2B9586F8002708C3 /* Base */,
			);
			name = Main.storyboard;
			sourceTree = "<group>";
		};
		3FE70D602B9586F9002708C3 /* LaunchScreen.storyboard */ = {
			isa = PBXVariantGroup;
			children = (
				3FE70D612B9586F9002708C3 /* Base */,
			);
			name = LaunchScreen.storyboard;
			sourceTree = "<group>";
		};
/* End PBXVariantGroup section */

/* Begin XCBuildConfiguration section */
		3FE70D642B9586F9002708C3 /* Debug */ = {
			isa = XCBuildConfiguration;
			buildSettings = {
				ALWAYS_SEARCH_USER_PATHS = NO;
				ASSETCATALOG_COMPILER_GENERATE_SWIFT_ASSET_SYMBOL_EXTENSIONS = YES;
				CLANG_ANALYZER_NONNULL = YES;
				CLANG_ANALYZER_NUMBER_OBJECT_CONVERSION = YES_AGGRESSIVE;
				CLANG_CXX_LANGUAGE_STANDARD = "gnu++20";
				CLANG_ENABLE_MODULES = YES;
				CLANG_ENABLE_OBJC_ARC = YES;
				CLANG_ENABLE_OBJC_WEAK = YES;
				CLANG_WARN_BLOCK_CAPTURE_AUTORELEASING = YES;
				CLANG_WARN_BOOL_CONVERSION = YES;
				CLANG_WARN_COMMA = YES;
				CLANG_WARN_CONSTANT_CONVERSION = YES;
				CLANG_WARN_DEPRECATED_OBJC_IMPLEMENTATIONS = YES;
				CLANG_WARN_DIRECT_OBJC_ISA_USAGE = YES_ERROR;
				CLANG_WARN_DOCUMENTATION_COMMENTS = YES;
				CLANG_WARN_EMPTY_BODY = YES;
				CLANG_WARN_ENUM_CONVERSION = YES;
				CLANG_WARN_INFINITE_RECURSION = YES;
				CLANG_WARN_INT_CONVERSION = YES;
				CLANG_WARN_NON_LITERAL_NULL_CONVERSION = YES;
				CLANG_WARN_OBJC_IMPLICIT_RETAIN_SELF = YES;
				CLANG_WARN_OBJC_LITERAL_CONVERSION = YES;
				CLANG_WARN_OBJC_ROOT_CLASS = YES_ERROR;
				CLANG_WARN_QUOTED_INCLUDE_IN_FRAMEWORK_HEADER = YES;
				CLANG_WARN_RANGE_LOOP_ANALYSIS = YES;
				CLANG_WARN_STRICT_PROTOTYPES = YES;
				CLANG_WARN_SUSPICIOUS_MOVE = YES;
				CLANG_WARN_UNGUARDED_AVAILABILITY = YES_AGGRESSIVE;
				CLANG_WARN_UNREACHABLE_CODE = YES;
				CLANG_WARN__DUPLICATE_METHOD_MATCH = YES;
				COPY_PHASE_STRIP = NO;
				DEBUG_INFORMATION_FORMAT = dwarf;
				ENABLE_STRICT_OBJC_MSGSEND = YES;
				ENABLE_TESTABILITY = YES;
				ENABLE_USER_SCRIPT_SANDBOXING = YES;
				GCC_C_LANGUAGE_STANDARD = gnu17;
				GCC_DYNAMIC_NO_PIC = NO;
				GCC_NO_COMMON_BLOCKS = YES;
				GCC_OPTIMIZATION_LEVEL = 0;
				GCC_PREPROCESSOR_DEFINITIONS = (
					"DEBUG=1",
					"$(inherited)",
				);
				GCC_WARN_64_TO_32_BIT_CONVERSION = YES;
				GCC_WARN_ABOUT_RETURN_TYPE = YES_ERROR;
				GCC_WARN_UNDECLARED_SELECTOR = YES;
				GCC_WARN_UNINITIALIZED_AUTOS = YES_AGGRESSIVE;
				GCC_WARN_UNUSED_FUNCTION = YES;
				GCC_WARN_UNUSED_VARIABLE = YES;
				IPHONEOS_DEPLOYMENT_TARGET = 17.2;
				LOCALIZATION_PREFERS_STRING_CATALOGS = YES;
				MTL_ENABLE_DEBUG_INFO = INCLUDE_SOURCE;
				MTL_FAST_MATH = YES;
				ONLY_ACTIVE_ARCH = YES;
				SDKROOT = iphoneos;
				SWIFT_ACTIVE_COMPILATION_CONDITIONS = "DEBUG $(inherited)";
				SWIFT_OPTIMIZATION_LEVEL = "-Onone";
			};
			name = Debug;
		};
		3FE70D652B9586F9002708C3 /* Release */ = {
			isa = XCBuildConfiguration;
			buildSettings = {
				ALWAYS_SEARCH_USER_PATHS = NO;
				ASSETCATALOG_COMPILER_GENERATE_SWIFT_ASSET_SYMBOL_EXTENSIONS = YES;
				CLANG_ANALYZER_NONNULL = YES;
				CLANG_ANALYZER_NUMBER_OBJECT_CONVERSION = YES_AGGRESSIVE;
				CLANG_CXX_LANGUAGE_STANDARD = "gnu++20";
				CLANG_ENABLE_MODULES = YES;
				CLANG_ENABLE_OBJC_ARC = YES;
				CLANG_ENABLE_OBJC_WEAK = YES;
				CLANG_WARN_BLOCK_CAPTURE_AUTORELEASING = YES;
				CLANG_WARN_BOOL_CONVERSION = YES;
				CLANG_WARN_COMMA = YES;
				CLANG_WARN_CONSTANT_CONVERSION = YES;
				CLANG_WARN_DEPRECATED_OBJC_IMPLEMENTATIONS = YES;
				CLANG_WARN_DIRECT_OBJC_ISA_USAGE = YES_ERROR;
				CLANG_WARN_DOCUMENTATION_COMMENTS = YES;
				CLANG_WARN_EMPTY_BODY = YES;
				CLANG_WARN_ENUM_CONVERSION = YES;
				CLANG_WARN_INFINITE_RECURSION = YES;
				CLANG_WARN_INT_CONVERSION = YES;
				CLANG_WARN_NON_LITERAL_NULL_CONVERSION = YES;
				CLANG_WARN_OBJC_IMPLICIT_RETAIN_SELF = YES;
				CLANG_WARN_OBJC_LITERAL_CONVERSION = YES;
				CLANG_WARN_OBJC_ROOT_CLASS = YES_ERROR;
				CLANG_WARN_QUOTED_INCLUDE_IN_FRAMEWORK_HEADER = YES;
				CLANG_WARN_RANGE_LOOP_ANALYSIS = YES;
				CLANG_WARN_STRICT_PROTOTYPES = YES;
				CLANG_WARN_SUSPICIOUS_MOVE = YES;
				CLANG_WARN_UNGUARDED_AVAILABILITY = YES_AGGRESSIVE;
				CLANG_WARN_UNREACHABLE_CODE = YES;
				CLANG_WARN__DUPLICATE_METHOD_MATCH = YES;
				COPY_PHASE_STRIP = NO;
				DEBUG_INFORMATION_FORMAT = "dwarf-with-dsym";
				ENABLE_NS_ASSERTIONS = NO;
				ENABLE_STRICT_OBJC_MSGSEND = YES;
				ENABLE_USER_SCRIPT_SANDBOXING = YES;
				GCC_C_LANGUAGE_STANDARD = gnu17;
				GCC_NO_COMMON_BLOCKS = YES;
				GCC_WARN_64_TO_32_BIT_CONVERSION = YES;
				GCC_WARN_ABOUT_RETURN_TYPE = YES_ERROR;
				GCC_WARN_UNDECLARED_SELECTOR = YES;
				GCC_WARN_UNINITIALIZED_AUTOS = YES_AGGRESSIVE;
				GCC_WARN_UNUSED_FUNCTION = YES;
				GCC_WARN_UNUSED_VARIABLE = YES;
				IPHONEOS_DEPLOYMENT_TARGET = 17.2;
				LOCALIZATION_PREFERS_STRING_CATALOGS = YES;
				MTL_ENABLE_DEBUG_INFO = NO;
				MTL_FAST_MATH = YES;
				SDKROOT = iphoneos;
				SWIFT_COMPILATION_MODE = wholemodule;
				VALIDATE_PRODUCT = YES;
			};
			name = Release;
		};
		3FE70D672B9586F9002708C3 /* Debug */ = {
			isa = XCBuildConfiguration;
			buildSettings = {
				ASSETCATALOG_COMPILER_APPICON_NAME = AppIcon;
				ASSETCATALOG_COMPILER_GLOBAL_ACCENT_COLOR_NAME = AccentColor;
				CODE_SIGN_STYLE = Automatic;
				CURRENT_PROJECT_VERSION = 1;
				DEVELOPMENT_TEAM = F6H5536X8S;
				GENERATE_INFOPLIST_FILE = YES;
				INFOPLIST_FILE = Rainbowtabs2/Info.plist;
				INFOPLIST_KEY_UIApplicationSupportsIndirectInputEvents = YES;
				INFOPLIST_KEY_UILaunchStoryboardName = LaunchScreen.storyboard;
				INFOPLIST_KEY_UIMainStoryboardFile = Main;
				INFOPLIST_KEY_UISupportedInterfaceOrientations_iPad = "UIInterfaceOrientationPortrait UIInterfaceOrientationPortraitUpsideDown UIInterfaceOrientationLandscapeLeft UIInterfaceOrientationLandscapeRight";
				INFOPLIST_KEY_UISupportedInterfaceOrientations_iPhone = "UIInterfaceOrientationPortrait UIInterfaceOrientationLandscapeLeft UIInterfaceOrientationLandscapeRight";
				LD_RUNPATH_SEARCH_PATHS = (
					"$(inherited)",
					"@executable_path/Frameworks",
				);
				MARKETING_VERSION = 1.0;
				PRODUCT_BUNDLE_IDENTIFIER = com.rainbowtabs2.Rainbowtabs2;
				PRODUCT_NAME = "$(TARGET_NAME)";
				SWIFT_EMIT_LOC_STRINGS = YES;
				SWIFT_VERSION = 5.0;
				TARGETED_DEVICE_FAMILY = "1,2";
			};
			name = Debug;
		};
		3FE70D682B9586F9002708C3 /* Release */ = {
			isa = XCBuildConfiguration;
			buildSettings = {
				ASSETCATALOG_COMPILER_APPICON_NAME = AppIcon;
				ASSETCATALOG_COMPILER_GLOBAL_ACCENT_COLOR_NAME = AccentColor;
				CODE_SIGN_STYLE = Automatic;
				CURRENT_PROJECT_VERSION = 1;
				DEVELOPMENT_TEAM = F6H5536X8S;
				GENERATE_INFOPLIST_FILE = YES;
				INFOPLIST_FILE = Rainbowtabs2/Info.plist;
				INFOPLIST_KEY_UIApplicationSupportsIndirectInputEvents = YES;
				INFOPLIST_KEY_UILaunchStoryboardName = LaunchScreen.storyboard;
				INFOPLIST_KEY_UIMainStoryboardFile = Main;
				INFOPLIST_KEY_UISupportedInterfaceOrientations_iPad = "UIInterfaceOrientationPortrait UIInterfaceOrientationPortraitUpsideDown UIInterfaceOrientationLandscapeLeft UIInterfaceOrientationLandscapeRight";
				INFOPLIST_KEY_UISupportedInterfaceOrientations_iPhone = "UIInterfaceOrientationPortrait UIInterfaceOrientationLandscapeLeft UIInterfaceOrientationLandscapeRight";
				LD_RUNPATH_SEARCH_PATHS = (
					"$(inherited)",
					"@executable_path/Frameworks",
				);
				MARKETING_VERSION = 1.0;
				PRODUCT_BUNDLE_IDENTIFIER = com.rainbowtabs2.Rainbowtabs2;
				PRODUCT_NAME = "$(TARGET_NAME)";
				SWIFT_EMIT_LOC_STRINGS = YES;
				SWIFT_VERSION = 5.0;
				TARGETED_DEVICE_FAMILY = "1,2";
			};
			name = Release;
		};
/* End XCBuildConfiguration section */

/* Begin XCConfigurationList section */
		3FE70D4D2B9586F8002708C3 /* Build configuration list for PBXProject "Rainbowtabs2" */ = {
			isa = XCConfigurationList;
			buildConfigurations = (
				3FE70D642B9586F9002708C3 /* Debug */,
				3FE70D652B9586F9002708C3 /* Release */,
			);
			defaultConfigurationIsVisible = 0;
			defaultConfigurationName = Release;
		};
		3FE70D662B9586F9002708C3 /* Build configuration list for PBXNativeTarget "Rainbowtabs2" */ = {
			isa = XCConfigurationList;
			buildConfigurations = (
				3FE70D672B9586F9002708C3 /* Debug */,
				3FE70D682B9586F9002708C3 /* Release */,
			);
			defaultConfigurationIsVisible = 0;
			defaultConfigurationName = Release;
		};
/* End XCConfigurationList section */
	};
	rootObject = 3FE70D4A2B9586F8002708C3 /* Project object */;
}
